
Microsoft Visual Studio Solution File, Format Version 12.00
# Visual Studio 15
VisualStudioVersion = 15.0.27703.2026
MinimumVisualStudioVersion = 10.0.40219.1
Project("{FAE04EC0-301F-11D3-BF4B-00C04F79EFBC}") = "IISWallpaper", "IISWallpaper\IISWallpaper.csproj", "{2CEED47D-1B56-4111-B4A0-4EB9866106AF}"
EndProject
Global
	GlobalSection(SolutionConfigurationPlatforms) = preSolution
		Debug|Any CPU = Debug|Any CPU
		Release|Any CPU = Release|Any CPU
	EndGlobalSection
	GlobalSection(ProjectConfigurationPlatforms) = postSolution
		{2CEED47D-1B56-4111-B4A0-4EB9866106AF}.Debug|Any CPU.ActiveCfg = Debug|Any CPU
		{2CEED47D-1B56-4111-B4A0-4EB9866106AF}.Debug|Any CPU.Build.0 = Debug|Any CPU
		{2CEED47D-1B56-4111-B4A0-4EB9866106AF}.Release|Any CPU.ActiveCfg = Release|Any CPU
		{2CEED47D-1B56-4111-B4A0-4EB9866106AF}.Release|Any CPU.Build.0 = Release|Any CPU
	EndGlobalSection
	GlobalSection(SolutionProperties) = preSolution
		HideSolutionNode = FALSE
	EndGlobalSection
	GlobalSection(ExtensibilityGlobals) = postSolution
		SolutionGuid = {D9F33A1E-9FCA-416B-AF7A-B8BA64C7AA16}
	EndGlobalSection
EndGlobal
